
Microsoft Visual Studio Solution File, Format Version 12.00
# Visual Studio Version 16
VisualStudioVersion = 16.0.30621.155
MinimumVisualStudioVersion = 10.0.40219.1
Project("{FAE04EC0-301F-11D3-BF4B-00C04F79EFBC}") = "KPBot", "KPBot\KPBot.csproj", "{7C8F5865-5A85-41A4-8747-3F7065146E57}"
EndProject
Global
	GlobalSection(SolutionConfigurationPlatforms) = preSolution
		Debug|Any CPU = Debug|Any CPU
		Release|Any CPU = Release|Any CPU
	EndGlobalSection
	GlobalSection(ProjectConfigurationPlatforms) = postSolution
		{7C8F5865-5A85-41A4-8747-3F7065146E57}.Debug|Any CPU.ActiveCfg = Debug|Any CPU
		{7C8F5865-5A85-41A4-8747-3F7065146E57}.Debug|Any CPU.Build.0 = Debug|Any CPU
		{7C8F5865-5A85-41A4-8747-3F7065146E57}.Release|Any CPU.ActiveCfg = Release|Any CPU
		{7C8F5865-5A85-41A4-8747-3F7065146E57}.Release|Any CPU.Build.0 = Release|Any CPU
	EndGlobalSection
	GlobalSection(SolutionProperties) = preSolution
		HideSolutionNode = FALSE
	EndGlobalSection
	GlobalSection(ExtensibilityGlobals) = postSolution
		SolutionGuid = {171C5952-F013-4E63-A606-3EA81D7CAFAA}
	EndGlobalSection
EndGlobal
